
Microsoft Visual Studio Solution File, Format Version 12.00
# Visual Studio Version 16
VisualStudioVersion = 16.0.30011.22
MinimumVisualStudioVersion = 10.0.40219.1
Project("{FAE04EC0-301F-11D3-BF4B-00C04F79EFBC}") = "MyBoilerplate.Infrastructure", "MyBoilerplate.Infrastructure\MyBoilerplate.Infrastructure.csproj", "{1795D4BA-50D2-4E59-8967-5A0C2D95E4FE}"
EndProject
Project("{2150E333-8FDC-42A3-9474-1A3956D46DE8}") = "01-Core", "01-Core", "{0E45F8C5-B09C-461F-97C5-F2B63D9F192D}"
EndProject
Project("{2150E333-8FDC-42A3-9474-1A3956D46DE8}") = "02-Data", "02-Data", "{C4234ACE-1B4E-469D-9CF6-E8C5CD6C85E8}"
EndProject
Project("{FAE04EC0-301F-11D3-BF4B-00C04F79EFBC}") = "MyBoilerplate.Data", "MyBoilerplate.Data\MyBoilerplate.Data.csproj", "{02ED3020-F777-4585-BBAF-228E466B4A60}"
EndProject
Project("{FAE04EC0-301F-11D3-BF4B-00C04F79EFBC}") = "MyBoilerplate.Data.Entity", "MyBoilerplate.Data.Entity\MyBoilerplate.Data.Entity.csproj", "{51728481-3A39-46D0-8AF8-13F91DF70377}"
EndProject
Global
	GlobalSection(SolutionConfigurationPlatforms) = preSolution
		Debug|Any CPU = Debug|Any CPU
		Release|Any CPU = Release|Any CPU
	EndGlobalSection
	GlobalSection(ProjectConfigurationPlatforms) = postSolution
		{1795D4BA-50D2-4E59-8967-5A0C2D95E4FE}.Debug|Any CPU.ActiveCfg = Debug|Any CPU
		{1795D4BA-50D2-4E59-8967-5A0C2D95E4FE}.Debug|Any CPU.Build.0 = Debug|Any CPU
		{1795D4BA-50D2-4E59-8967-5A0C2D95E4FE}.Release|Any CPU.ActiveCfg = Release|Any CPU
		{1795D4BA-50D2-4E59-8967-5A0C2D95E4FE}.Release|Any CPU.Build.0 = Release|Any CPU
		{02ED3020-F777-4585-BBAF-228E466B4A60}.Debug|Any CPU.ActiveCfg = Debug|Any CPU
		{02ED3020-F777-4585-BBAF-228E466B4A60}.Debug|Any CPU.Build.0 = Debug|Any CPU
		{02ED3020-F777-4585-BBAF-228E466B4A60}.Release|Any CPU.ActiveCfg = Release|Any CPU
		{02ED3020-F777-4585-BBAF-228E466B4A60}.Release|Any CPU.Build.0 = Release|Any CPU
		{51728481-3A39-46D0-8AF8-13F91DF70377}.Debug|Any CPU.ActiveCfg = Debug|Any CPU
		{51728481-3A39-46D0-8AF8-13F91DF70377}.Debug|Any CPU.Build.0 = Debug|Any CPU
		{51728481-3A39-46D0-8AF8-13F91DF70377}.Release|Any CPU.ActiveCfg = Release|Any CPU
		{51728481-3A39-46D0-8AF8-13F91DF70377}.Release|Any CPU.Build.0 = Release|Any CPU
	EndGlobalSection
	GlobalSection(SolutionProperties) = preSolution
		HideSolutionNode = FALSE
	EndGlobalSection
	GlobalSection(NestedProjects) = preSolution
		{1795D4BA-50D2-4E59-8967-5A0C2D95E4FE} = {0E45F8C5-B09C-461F-97C5-F2B63D9F192D}
		{02ED3020-F777-4585-BBAF-228E466B4A60} = {C4234ACE-1B4E-469D-9CF6-E8C5CD6C85E8}
		{51728481-3A39-46D0-8AF8-13F91DF70377} = {C4234ACE-1B4E-469D-9CF6-E8C5CD6C85E8}
	EndGlobalSection
	GlobalSection(ExtensibilityGlobals) = postSolution
		SolutionGuid = {971BFEEF-137E-405C-84CE-F06169F72BD6}
	EndGlobalSection
EndGlobal
